
Microsoft Visual Studio Solution File, Format Version 12.00
# Visual Studio Version 17
VisualStudioVersion = 17.4.33403.182
MinimumVisualStudioVersion = 10.0.40219.1
Project("{FAE04EC0-301F-11D3-BF4B-00C04F79EFBC}") = "EasyCleaner", "EasyCleaner\EasyCleaner.csproj", "{DED5058C-B8BD-4CDA-86C1-57BC5066D182}"
EndProject
Global
	GlobalSection(SolutionConfigurationPlatforms) = preSolution
		Debug|Any CPU = Debug|Any CPU
		Release|Any CPU = Release|Any CPU
	EndGlobalSection
	GlobalSection(ProjectConfigurationPlatforms) = postSolution
		{DED5058C-B8BD-4CDA-86C1-57BC5066D182}.Debug|Any CPU.ActiveCfg = Debug|Any CPU
		{DED5058C-B8BD-4CDA-86C1-57BC5066D182}.Debug|Any CPU.Build.0 = Debug|Any CPU
		{DED5058C-B8BD-4CDA-86C1-57BC5066D182}.Release|Any CPU.ActiveCfg = Release|Any CPU
		{DED5058C-B8BD-4CDA-86C1-57BC5066D182}.Release|Any CPU.Build.0 = Release|Any CPU
	EndGlobalSection
	GlobalSection(SolutionProperties) = preSolution
		HideSolutionNode = FALSE
	EndGlobalSection
	GlobalSection(ExtensibilityGlobals) = postSolution
		SolutionGuid = {4C46FB05-D700-402B-8B32-334CC048BEA2}
	EndGlobalSection
EndGlobal
